
Microsoft Visual Studio Solution File, Format Version 12.00
# Visual Studio Version 17
VisualStudioVersion = 17.9.34622.214
MinimumVisualStudioVersion = 10.0.40219.1
Project("{FAE04EC0-301F-11D3-BF4B-00C04F79EFBC}") = "NET105_ASM", "NET105_ASM\NET105_ASM.csproj", "{C4005408-2396-4BC8-A40A-36793D51079A}"
EndProject
Project("{FAE04EC0-301F-11D3-BF4B-00C04F79EFBC}") = "NET105_ASM_MVC", "NET105_ASM_MVC\NET105_ASM_MVC.csproj", "{40EC395B-0737-4C6A-A90E-82F7B55875C0}"
EndProject
Global
	GlobalSection(SolutionConfigurationPlatforms) = preSolution
		Debug|Any CPU = Debug|Any CPU
		Release|Any CPU = Release|Any CPU
	EndGlobalSection
	GlobalSection(ProjectConfigurationPlatforms) = postSolution
		{C4005408-2396-4BC8-A40A-36793D51079A}.Debug|Any CPU.ActiveCfg = Debug|Any CPU
		{C4005408-2396-4BC8-A40A-36793D51079A}.Debug|Any CPU.Build.0 = Debug|Any CPU
		{C4005408-2396-4BC8-A40A-36793D51079A}.Release|Any CPU.ActiveCfg = Release|Any CPU
		{C4005408-2396-4BC8-A40A-36793D51079A}.Release|Any CPU.Build.0 = Release|Any CPU
		{40EC395B-0737-4C6A-A90E-82F7B55875C0}.Debug|Any CPU.ActiveCfg = Debug|Any CPU
		{40EC395B-0737-4C6A-A90E-82F7B55875C0}.Debug|Any CPU.Build.0 = Debug|Any CPU
		{40EC395B-0737-4C6A-A90E-82F7B55875C0}.Release|Any CPU.ActiveCfg = Release|Any CPU
		{40EC395B-0737-4C6A-A90E-82F7B55875C0}.Release|Any CPU.Build.0 = Release|Any CPU
	EndGlobalSection
	GlobalSection(SolutionProperties) = preSolution
		HideSolutionNode = FALSE
	EndGlobalSection
	GlobalSection(ExtensibilityGlobals) = postSolution
		SolutionGuid = {920CF330-CC70-4513-AA61-C16F4A963EA6}
	EndGlobalSection
EndGlobal
